PODS:
  - Flutter (1.0.0)
  - flutter_uxcam (2.8.4):
    - Flutter
    - UXCam (~> 3.8.4)
  - UXCam (3.8.4)

DEPENDENCIES:
  - Flutter (from `Flutter`)
  - flutter_uxcam (from `.symlinks/plugins/flutter_uxcam/ios`)

SPEC REPOS:
  trunk:
    - UXCam

EXTERNAL SOURCES:
  Flutter:
    :path: Flutter
  flutter_uxcam:
    :path: ".symlinks/plugins/flutter_uxcam/ios"

SPEC CHECKSUMS:
  Flutter: cabc95a1d2626b1b06e7179b784ebcf0c0cde467
  flutter_uxcam: 6bf4fd7e670175749490f66c439f1ba7fbbe647d
  UXCam: 1d98766b06a469dbce055174c0e284b2088e6cda

PODFILE CHECKSUM: 3c41d3a6488201d7e0d12c3265a22101f620ec8e

COCOAPODS: 1.16.2
